
Microsoft Visual Studio Solution File, Format Version 12.00
# Visual Studio Version 16
VisualStudioVersion = 16.0.31613.86
MinimumVisualStudioVersion = 10.0.40219.1
Project("{FAE04EC0-301F-11D3-BF4B-00C04F79EFBC}") = "Vista", "Vista\Vista.csproj", "{AC47C65B-989D-4C30-8C58-9A6763360ADC}"
EndProject
Project("{FAE04EC0-301F-11D3-BF4B-00C04F79EFBC}") = "Biblioteca", "Biblioteca\Biblioteca.csproj", "{4AC268AB-EF5E-48A7-ABB5-D56B0BE59F00}"
EndProject
Global
	GlobalSection(SolutionConfigurationPlatforms) = preSolution
		Debug|Any CPU = Debug|Any CPU
		Release|Any CPU = Release|Any CPU
	EndGlobalSection
	GlobalSection(ProjectConfigurationPlatforms) = postSolution
		{AC47C65B-989D-4C30-8C58-9A6763360ADC}.Debug|Any CPU.ActiveCfg = Debug|Any CPU
		{AC47C65B-989D-4C30-8C58-9A6763360ADC}.Debug|Any CPU.Build.0 = Debug|Any CPU
		{AC47C65B-989D-4C30-8C58-9A6763360ADC}.Release|Any CPU.ActiveCfg = Release|Any CPU
		{AC47C65B-989D-4C30-8C58-9A6763360ADC}.Release|Any CPU.Build.0 = Release|Any CPU
		{4AC268AB-EF5E-48A7-ABB5-D56B0BE59F00}.Debug|Any CPU.ActiveCfg = Debug|Any CPU
		{4AC268AB-EF5E-48A7-ABB5-D56B0BE59F00}.Debug|Any CPU.Build.0 = Debug|Any CPU
		{4AC268AB-EF5E-48A7-ABB5-D56B0BE59F00}.Release|Any CPU.ActiveCfg = Release|Any CPU
		{4AC268AB-EF5E-48A7-ABB5-D56B0BE59F00}.Release|Any CPU.Build.0 = Release|Any CPU
	EndGlobalSection
	GlobalSection(SolutionProperties) = preSolution
		HideSolutionNode = FALSE
	EndGlobalSection
	GlobalSection(ExtensibilityGlobals) = postSolution
		SolutionGuid = {BFE56AC1-0B0F-493E-BD2E-BCC772890861}
	EndGlobalSection
EndGlobal
