
Microsoft Visual Studio Solution File, Format Version 12.00
# Visual Studio Version 16
VisualStudioVersion = 16.0.31613.86
MinimumVisualStudioVersion = 10.0.40219.1
Project("{FAE04EC0-301F-11D3-BF4B-00C04F79EFBC}") = "Biblioteca", "Biblioteca\Biblioteca.csproj", "{1DCDFF67-6535-444C-9001-70D8A0262C5A}"
EndProject
Project("{FAE04EC0-301F-11D3-BF4B-00C04F79EFBC}") = "Consola", "Consola\Consola.csproj", "{0D1AF8A1-361C-40DD-ADCC-C6B2B566D3FD}"
EndProject
Global
	GlobalSection(SolutionConfigurationPlatforms) = preSolution
		Debug|Any CPU = Debug|Any CPU
		Release|Any CPU = Release|Any CPU
	EndGlobalSection
	GlobalSection(ProjectConfigurationPlatforms) = postSolution
		{1DCDFF67-6535-444C-9001-70D8A0262C5A}.Debug|Any CPU.ActiveCfg = Debug|Any CPU
		{1DCDFF67-6535-444C-9001-70D8A0262C5A}.Debug|Any CPU.Build.0 = Debug|Any CPU
		{1DCDFF67-6535-444C-9001-70D8A0262C5A}.Release|Any CPU.ActiveCfg = Release|Any CPU
		{1DCDFF67-6535-444C-9001-70D8A0262C5A}.Release|Any CPU.Build.0 = Release|Any CPU
		{0D1AF8A1-361C-40DD-ADCC-C6B2B566D3FD}.Debug|Any CPU.ActiveCfg = Debug|Any CPU
		{0D1AF8A1-361C-40DD-ADCC-C6B2B566D3FD}.Debug|Any CPU.Build.0 = Debug|Any CPU
		{0D1AF8A1-361C-40DD-ADCC-C6B2B566D3FD}.Release|Any CPU.ActiveCfg = Release|Any CPU
		{0D1AF8A1-361C-40DD-ADCC-C6B2B566D3FD}.Release|Any CPU.Build.0 = Release|Any CPU
	EndGlobalSection
	GlobalSection(SolutionProperties) = preSolution
		HideSolutionNode = FALSE
	EndGlobalSection
	GlobalSection(ExtensibilityGlobals) = postSolution
		SolutionGuid = {5EB34793-2DFD-4041-AC59-D57E15A00EFD}
	EndGlobalSection
EndGlobal
