
Microsoft Visual Studio Solution File, Format Version 12.00
# Visual Studio Version 16
VisualStudioVersion = 16.0.31613.86
MinimumVisualStudioVersion = 10.0.40219.1
Project("{9A19103F-16F7-4668-BE54-9A1E7A4F7556}") = "View", "View\View.csproj", "{5072C922-6DCC-4437-BBD3-6B804188E032}"
EndProject
Project("{FAE04EC0-301F-11D3-BF4B-00C04F79EFBC}") = "Biblioteca", "Biblioteca\Biblioteca.csproj", "{73D38469-2CA5-40DA-B155-B330219D2452}"
EndProject
Global
	GlobalSection(SolutionConfigurationPlatforms) = preSolution
		Debug|Any CPU = Debug|Any CPU
		Release|Any CPU = Release|Any CPU
	EndGlobalSection
	GlobalSection(ProjectConfigurationPlatforms) = postSolution
		{5072C922-6DCC-4437-BBD3-6B804188E032}.Debug|Any CPU.ActiveCfg = Debug|Any CPU
		{5072C922-6DCC-4437-BBD3-6B804188E032}.Debug|Any CPU.Build.0 = Debug|Any CPU
		{5072C922-6DCC-4437-BBD3-6B804188E032}.Release|Any CPU.ActiveCfg = Release|Any CPU
		{5072C922-6DCC-4437-BBD3-6B804188E032}.Release|Any CPU.Build.0 = Release|Any CPU
		{73D38469-2CA5-40DA-B155-B330219D2452}.Debug|Any CPU.ActiveCfg = Debug|Any CPU
		{73D38469-2CA5-40DA-B155-B330219D2452}.Debug|Any CPU.Build.0 = Debug|Any CPU
		{73D38469-2CA5-40DA-B155-B330219D2452}.Release|Any CPU.ActiveCfg = Release|Any CPU
		{73D38469-2CA5-40DA-B155-B330219D2452}.Release|Any CPU.Build.0 = Release|Any CPU
	EndGlobalSection
	GlobalSection(SolutionProperties) = preSolution
		HideSolutionNode = FALSE
	EndGlobalSection
	GlobalSection(ExtensibilityGlobals) = postSolution
		SolutionGuid = {DA50AD5B-758A-407D-B1DC-D9B8D43FE05F}
	EndGlobalSection
EndGlobal
