
Microsoft Visual Studio Solution File, Format Version 12.00
# Visual Studio Version 16
VisualStudioVersion = 16.0.31613.86
MinimumVisualStudioVersion = 10.0.40219.1
Project("{FAE04EC0-301F-11D3-BF4B-00C04F79EFBC}") = "Biblioteca", "Biblioteca\Biblioteca.csproj", "{D7FCE95E-E37E-4032-BA74-C19E2A280DB9}"
EndProject
Project("{FAE04EC0-301F-11D3-BF4B-00C04F79EFBC}") = "Vista", "Vista\Vista.csproj", "{30C18D5F-59C6-4293-AB27-4820554D648A}"
EndProject
Global
	GlobalSection(SolutionConfigurationPlatforms) = preSolution
		Debug|Any CPU = Debug|Any CPU
		Release|Any CPU = Release|Any CPU
	EndGlobalSection
	GlobalSection(ProjectConfigurationPlatforms) = postSolution
		{D7FCE95E-E37E-4032-BA74-C19E2A280DB9}.Debug|Any CPU.ActiveCfg = Debug|Any CPU
		{D7FCE95E-E37E-4032-BA74-C19E2A280DB9}.Debug|Any CPU.Build.0 = Debug|Any CPU
		{D7FCE95E-E37E-4032-BA74-C19E2A280DB9}.Release|Any CPU.ActiveCfg = Release|Any CPU
		{D7FCE95E-E37E-4032-BA74-C19E2A280DB9}.Release|Any CPU.Build.0 = Release|Any CPU
		{30C18D5F-59C6-4293-AB27-4820554D648A}.Debug|Any CPU.ActiveCfg = Debug|Any CPU
		{30C18D5F-59C6-4293-AB27-4820554D648A}.Debug|Any CPU.Build.0 = Debug|Any CPU
		{30C18D5F-59C6-4293-AB27-4820554D648A}.Release|Any CPU.ActiveCfg = Release|Any CPU
		{30C18D5F-59C6-4293-AB27-4820554D648A}.Release|Any CPU.Build.0 = Release|Any CPU
	EndGlobalSection
	GlobalSection(SolutionProperties) = preSolution
		HideSolutionNode = FALSE
	EndGlobalSection
	GlobalSection(ExtensibilityGlobals) = postSolution
		SolutionGuid = {4C13617B-92D6-43F5-9610-F057F53E99B7}
	EndGlobalSection
EndGlobal
