
Microsoft Visual Studio Solution File, Format Version 12.00
# Visual Studio Version 16
VisualStudioVersion = 16.0.31613.86
MinimumVisualStudioVersion = 10.0.40219.1
Project("{FAE04EC0-301F-11D3-BF4B-00C04F79EFBC}") = "Biblioteca", "Biblioteca\Biblioteca.csproj", "{883229CD-63F3-429A-AA38-684AEF547CEF}"
EndProject
Project("{FAE04EC0-301F-11D3-BF4B-00C04F79EFBC}") = "Vista", "Vista\Vista.csproj", "{7E7B4AE1-F788-41EB-928D-46ADF7B2F191}"
EndProject
Global
	GlobalSection(SolutionConfigurationPlatforms) = preSolution
		Debug|Any CPU = Debug|Any CPU
		Release|Any CPU = Release|Any CPU
	EndGlobalSection
	GlobalSection(ProjectConfigurationPlatforms) = postSolution
		{883229CD-63F3-429A-AA38-684AEF547CEF}.Debug|Any CPU.ActiveCfg = Debug|Any CPU
		{883229CD-63F3-429A-AA38-684AEF547CEF}.Debug|Any CPU.Build.0 = Debug|Any CPU
		{883229CD-63F3-429A-AA38-684AEF547CEF}.Release|Any CPU.ActiveCfg = Release|Any CPU
		{883229CD-63F3-429A-AA38-684AEF547CEF}.Release|Any CPU.Build.0 = Release|Any CPU
		{7E7B4AE1-F788-41EB-928D-46ADF7B2F191}.Debug|Any CPU.ActiveCfg = Debug|Any CPU
		{7E7B4AE1-F788-41EB-928D-46ADF7B2F191}.Debug|Any CPU.Build.0 = Debug|Any CPU
		{7E7B4AE1-F788-41EB-928D-46ADF7B2F191}.Release|Any CPU.ActiveCfg = Release|Any CPU
		{7E7B4AE1-F788-41EB-928D-46ADF7B2F191}.Release|Any CPU.Build.0 = Release|Any CPU
	EndGlobalSection
	GlobalSection(SolutionProperties) = preSolution
		HideSolutionNode = FALSE
	EndGlobalSection
	GlobalSection(ExtensibilityGlobals) = postSolution
		SolutionGuid = {6A50CED5-2036-45CE-9500-804FD50303D1}
	EndGlobalSection
EndGlobal
