
Microsoft Visual Studio Solution File, Format Version 12.00
# Visual Studio Version 16
VisualStudioVersion = 16.0.31613.86
MinimumVisualStudioVersion = 10.0.40219.1
Project("{FAE04EC0-301F-11D3-BF4B-00C04F79EFBC}") = "Biblioteca", "Biblioteca\Biblioteca.csproj", "{795F79D4-38E8-435E-9E90-36C4188DA4E6}"
EndProject
Global
	GlobalSection(SolutionConfigurationPlatforms) = preSolution
		Debug|Any CPU = Debug|Any CPU
		Release|Any CPU = Release|Any CPU
	EndGlobalSection
	GlobalSection(ProjectConfigurationPlatforms) = postSolution
		{795F79D4-38E8-435E-9E90-36C4188DA4E6}.Debug|Any CPU.ActiveCfg = Debug|Any CPU
		{795F79D4-38E8-435E-9E90-36C4188DA4E6}.Debug|Any CPU.Build.0 = Debug|Any CPU
		{795F79D4-38E8-435E-9E90-36C4188DA4E6}.Release|Any CPU.ActiveCfg = Release|Any CPU
		{795F79D4-38E8-435E-9E90-36C4188DA4E6}.Release|Any CPU.Build.0 = Release|Any CPU
	EndGlobalSection
	GlobalSection(SolutionProperties) = preSolution
		HideSolutionNode = FALSE
	EndGlobalSection
	GlobalSection(ExtensibilityGlobals) = postSolution
		SolutionGuid = {65075F7C-7C8D-471B-AFF3-7D0C40D4508F}
	EndGlobalSection
EndGlobal
