
Microsoft Visual Studio Solution File, Format Version 12.00
# Visual Studio Version 16
VisualStudioVersion = 16.0.31613.86
MinimumVisualStudioVersion = 10.0.40219.1
Project("{FAE04EC0-301F-11D3-BF4B-00C04F79EFBC}") = "Biblioteca", "Biblioteca\Biblioteca.csproj", "{0F21946E-2F15-44E0-9845-05477D994257}"
EndProject
Project("{FAE04EC0-301F-11D3-BF4B-00C04F79EFBC}") = "Consola", "Consola\Consola.csproj", "{EA67F67F-5142-400B-949D-EF9FEAA0761B}"
EndProject
Global
	GlobalSection(SolutionConfigurationPlatforms) = preSolution
		Debug|Any CPU = Debug|Any CPU
		Release|Any CPU = Release|Any CPU
	EndGlobalSection
	GlobalSection(ProjectConfigurationPlatforms) = postSolution
		{0F21946E-2F15-44E0-9845-05477D994257}.Debug|Any CPU.ActiveCfg = Debug|Any CPU
		{0F21946E-2F15-44E0-9845-05477D994257}.Debug|Any CPU.Build.0 = Debug|Any CPU
		{0F21946E-2F15-44E0-9845-05477D994257}.Release|Any CPU.ActiveCfg = Release|Any CPU
		{0F21946E-2F15-44E0-9845-05477D994257}.Release|Any CPU.Build.0 = Release|Any CPU
		{EA67F67F-5142-400B-949D-EF9FEAA0761B}.Debug|Any CPU.ActiveCfg = Debug|Any CPU
		{EA67F67F-5142-400B-949D-EF9FEAA0761B}.Debug|Any CPU.Build.0 = Debug|Any CPU
		{EA67F67F-5142-400B-949D-EF9FEAA0761B}.Release|Any CPU.ActiveCfg = Release|Any CPU
		{EA67F67F-5142-400B-949D-EF9FEAA0761B}.Release|Any CPU.Build.0 = Release|Any CPU
	EndGlobalSection
	GlobalSection(SolutionProperties) = preSolution
		HideSolutionNode = FALSE
	EndGlobalSection
	GlobalSection(ExtensibilityGlobals) = postSolution
		SolutionGuid = {EAED7669-4954-48DB-A0DB-79A142217FCD}
	EndGlobalSection
EndGlobal
