
Microsoft Visual Studio Solution File, Format Version 12.00
# Visual Studio Version 16
VisualStudioVersion = 16.0.31613.86
MinimumVisualStudioVersion = 10.0.40219.1
Project("{FAE04EC0-301F-11D3-BF4B-00C04F79EFBC}") = "Vista", "Vista\Vista.csproj", "{84A9D375-7AF1-4DB7-B115-A1F0A37E08C0}"
EndProject
Project("{FAE04EC0-301F-11D3-BF4B-00C04F79EFBC}") = "Biblioteca", "Biblioteca\Biblioteca.csproj", "{9B677DBE-983E-43FB-B26F-C59A7CB32AFE}"
EndProject
Global
	GlobalSection(SolutionConfigurationPlatforms) = preSolution
		Debug|Any CPU = Debug|Any CPU
		Release|Any CPU = Release|Any CPU
	EndGlobalSection
	GlobalSection(ProjectConfigurationPlatforms) = postSolution
		{84A9D375-7AF1-4DB7-B115-A1F0A37E08C0}.Debug|Any CPU.ActiveCfg = Debug|Any CPU
		{84A9D375-7AF1-4DB7-B115-A1F0A37E08C0}.Debug|Any CPU.Build.0 = Debug|Any CPU
		{84A9D375-7AF1-4DB7-B115-A1F0A37E08C0}.Release|Any CPU.ActiveCfg = Release|Any CPU
		{84A9D375-7AF1-4DB7-B115-A1F0A37E08C0}.Release|Any CPU.Build.0 = Release|Any CPU
		{9B677DBE-983E-43FB-B26F-C59A7CB32AFE}.Debug|Any CPU.ActiveCfg = Debug|Any CPU
		{9B677DBE-983E-43FB-B26F-C59A7CB32AFE}.Debug|Any CPU.Build.0 = Debug|Any CPU
		{9B677DBE-983E-43FB-B26F-C59A7CB32AFE}.Release|Any CPU.ActiveCfg = Release|Any CPU
		{9B677DBE-983E-43FB-B26F-C59A7CB32AFE}.Release|Any CPU.Build.0 = Release|Any CPU
	EndGlobalSection
	GlobalSection(SolutionProperties) = preSolution
		HideSolutionNode = FALSE
	EndGlobalSection
	GlobalSection(ExtensibilityGlobals) = postSolution
		SolutionGuid = {617AC7EB-92C5-4C7A-AC2B-868C586FD4C1}
	EndGlobalSection
EndGlobal
