
Microsoft Visual Studio Solution File, Format Version 12.00
# Visual Studio Version 16
VisualStudioVersion = 16.0.31613.86
MinimumVisualStudioVersion = 10.0.40219.1
Project("{FAE04EC0-301F-11D3-BF4B-00C04F79EFBC}") = "Biblioteca", "Biblioteca\Biblioteca.csproj", "{5E957BF1-7C97-49E2-B54A-699D56FBEA8C}"
EndProject
Project("{FAE04EC0-301F-11D3-BF4B-00C04F79EFBC}") = "Vista", "Vista\Vista.csproj", "{FB20725C-D661-4AD6-B9CD-A170F6BF68C0}"
EndProject
Global
	GlobalSection(SolutionConfigurationPlatforms) = preSolution
		Debug|Any CPU = Debug|Any CPU
		Release|Any CPU = Release|Any CPU
	EndGlobalSection
	GlobalSection(ProjectConfigurationPlatforms) = postSolution
		{5E957BF1-7C97-49E2-B54A-699D56FBEA8C}.Debug|Any CPU.ActiveCfg = Debug|Any CPU
		{5E957BF1-7C97-49E2-B54A-699D56FBEA8C}.Debug|Any CPU.Build.0 = Debug|Any CPU
		{5E957BF1-7C97-49E2-B54A-699D56FBEA8C}.Release|Any CPU.ActiveCfg = Release|Any CPU
		{5E957BF1-7C97-49E2-B54A-699D56FBEA8C}.Release|Any CPU.Build.0 = Release|Any CPU
		{FB20725C-D661-4AD6-B9CD-A170F6BF68C0}.Debug|Any CPU.ActiveCfg = Debug|Any CPU
		{FB20725C-D661-4AD6-B9CD-A170F6BF68C0}.Debug|Any CPU.Build.0 = Debug|Any CPU
		{FB20725C-D661-4AD6-B9CD-A170F6BF68C0}.Release|Any CPU.ActiveCfg = Release|Any CPU
		{FB20725C-D661-4AD6-B9CD-A170F6BF68C0}.Release|Any CPU.Build.0 = Release|Any CPU
	EndGlobalSection
	GlobalSection(SolutionProperties) = preSolution
		HideSolutionNode = FALSE
	EndGlobalSection
	GlobalSection(ExtensibilityGlobals) = postSolution
		SolutionGuid = {5905C5CC-E9A0-4267-9E7E-3E78148873E8}
	EndGlobalSection
EndGlobal
