
Microsoft Visual Studio Solution File, Format Version 12.00
# Visual Studio Version 16
VisualStudioVersion = 16.0.31613.86
MinimumVisualStudioVersion = 10.0.40219.1
Project("{FAE04EC0-301F-11D3-BF4B-00C04F79EFBC}") = "Vista", "Vista\Vista.csproj", "{B98D17CB-7659-49BB-B569-11F1A5AF9EAC}"
EndProject
Global
	GlobalSection(SolutionConfigurationPlatforms) = preSolution
		Debug|Any CPU = Debug|Any CPU
		Release|Any CPU = Release|Any CPU
	EndGlobalSection
	GlobalSection(ProjectConfigurationPlatforms) = postSolution
		{B98D17CB-7659-49BB-B569-11F1A5AF9EAC}.Debug|Any CPU.ActiveCfg = Debug|Any CPU
		{B98D17CB-7659-49BB-B569-11F1A5AF9EAC}.Debug|Any CPU.Build.0 = Debug|Any CPU
		{B98D17CB-7659-49BB-B569-11F1A5AF9EAC}.Release|Any CPU.ActiveCfg = Release|Any CPU
		{B98D17CB-7659-49BB-B569-11F1A5AF9EAC}.Release|Any CPU.Build.0 = Release|Any CPU
	EndGlobalSection
	GlobalSection(SolutionProperties) = preSolution
		HideSolutionNode = FALSE
	EndGlobalSection
	GlobalSection(ExtensibilityGlobals) = postSolution
		SolutionGuid = {4B50F4BE-DA8F-4995-9A5F-F571D7C878BB}
	EndGlobalSection
EndGlobal
